// !$*UTF8*$!
{
	archiveVersion = 1;
	classes = {
	};
	objectVersion = 56;
	objects = {

/* Begin PBXBuildFile section */
		BB000101000000000000000000000101 /* FocusMomentsApp.swift in Sources */ = {isa = PBXBuildFile; fileRef = BB000101000000000000000000000201 /* FocusMomentsApp.swift */; };
		BB000101000000000000000000000102 /* AppConstants.swift in Sources */ = {isa = PBXBuildFile; fileRef = BB000101000000000000000000000202 /* AppConstants.swift */; };
		BB000101000000000000000000000103 /* Scene.swift in Sources */ = {isa = PBXBuildFile; fileRef = BB000101000000000000000000000203 /* Scene.swift */; };
		BB000101000000000000000000000104 /* DataManager.swift in Sources */ = {isa = PBXBuildFile; fileRef = BB000101000000000000000000000204 /* DataManager.swift */; };
		BB000101000000000000000000000105 /* HomeViewModel.swift in Sources */ = {isa = PBXBuildFile; fileRef = BB000101000000000000000000000205 /* HomeViewModel.swift */; };
		BB000101000000000000000000000106 /* FocusViewModel.swift in Sources */ = {isa = PBXBuildFile; fileRef = BB000101000000000000000000000206 /* FocusViewModel.swift */; };
		BB000101000000000000000000000107 /* HomeView.swift in Sources */ = {isa = PBXBuildFile; fileRef = BB000101000000000000000000000207 /* HomeView.swift */; };
		BB000101000000000000000000000108 /* DurationPickerView.swift in Sources */ = {isa = PBXBuildFile; fileRef = BB000101000000000000000000000208 /* DurationPickerView.swift */; };
		BB000101000000000000000000000109 /* FocusView.swift in Sources */ = {isa = PBXBuildFile; fileRef = BB000101000000000000000000000209 /* FocusView.swift */; };
		BB000101000000000000000000000110 /* CompletionView.swift in Sources */ = {isa = PBXBuildFile; fileRef = BB000101000000000000000000000210 /* CompletionView.swift */; };
		BB000101000000000000000000000111 /* SceneAnimationView.swift in Sources */ = {isa = PBXBuildFile; fileRef = BB000101000000000000000000000211 /* SceneAnimationView.swift */; };
		BB000101000000000000000000000112 /* SceneCardView.swift in Sources */ = {isa = PBXBuildFile; fileRef = BB000101000000000000000000000212 /* SceneCardView.swift */; };
		BB000101000000000000000000000113 /* UnlockPopupView.swift in Sources */ = {isa = PBXBuildFile; fileRef = BB000101000000000000000000000213 /* UnlockPopupView.swift */; };
		BB000101000000000000000000000114 /* Assets.xcassets in Resources */ = {isa = PBXBuildFile; fileRef = BB000101000000000000000000000214 /* Assets.xcassets */; };
/* End PBXBuildFile section */

/* Begin PBXFileReference section */
		BB000101000000000000000000000001 /* FocusMoments.app */ = {isa = PBXFileReference; explicitFileType = wrapper.application; includeInIndex = 0; path = FocusMoments.app; sourceTree = BUILT_PRODUCTS_DIR; };
		BB000101000000000000000000000201 /* FocusMomentsApp.swift */ = {isa = PBXFileReference; lastKnownFileType = sourcecode.swift; path = FocusMomentsApp.swift; sourceTree = "<group>"; };
		BB000101000000000000000000000202 /* AppConstants.swift */ = {isa = PBXFileReference; lastKnownFileType = sourcecode.swift; path = AppConstants.swift; sourceTree = "<group>"; };
		BB000101000000000000000000000203 /* Scene.swift */ = {isa = PBXFileReference; lastKnownFileType = sourcecode.swift; path = Scene.swift; sourceTree = "<group>"; };
		BB000101000000000000000000000204 /* DataManager.swift */ = {isa = PBXFileReference; lastKnownFileType = sourcecode.swift; path = DataManager.swift; sourceTree = "<group>"; };
		BB000101000000000000000000000205 /* HomeViewModel.swift */ = {isa = PBXFileReference; lastKnownFileType = sourcecode.swift; path = HomeViewModel.swift; sourceTree = "<group>"; };
		BB000101000000000000000000000206 /* FocusViewModel.swift */ = {isa = PBXFileReference; lastKnownFileType = sourcecode.swift; path = FocusViewModel.swift; sourceTree = "<group>"; };
		BB000101000000000000000000000207 /* HomeView.swift */ = {isa = PBXFileReference; lastKnownFileType = sourcecode.swift; path = HomeView.swift; sourceTree = "<group>"; };
		BB000101000000000000000000000208 /* DurationPickerView.swift */ = {isa = PBXFileReference; lastKnownFileType = sourcecode.swift; path = DurationPickerView.swift; sourceTree = "<group>"; };
		BB000101000000000000000000000209 /* FocusView.swift */ = {isa = PBXFileReference; lastKnownFileType = sourcecode.swift; path = FocusView.swift; sourceTree = "<group>"; };
		BB000101000000000000000000000210 /* CompletionView.swift */ = {isa = PBXFileReference; lastKnownFileType = sourcecode.swift; path = CompletionView.swift; sourceTree = "<group>"; };
		BB000101000000000000000000000211 /* SceneAnimationView.swift */ = {isa = PBXFileReference; lastKnownFileType = sourcecode.swift; path = SceneAnimationView.swift; sourceTree = "<group>"; };
		BB000101000000000000000000000212 /* SceneCardView.swift */ = {isa = PBXFileReference; lastKnownFileType = sourcecode.swift; path = SceneCardView.swift; sourceTree = "<group>"; };
		BB000101000000000000000000000213 /* UnlockPopupView.swift */ = {isa = PBXFileReference; lastKnownFileType = sourcecode.swift; path = UnlockPopupView.swift; sourceTree = "<group>"; };
		BB000101000000000000000000000214 /* Assets.xcassets */ = {isa = PBXFileReference; lastKnownFileType = folder.assetcatalog; path = Assets.xcassets; sourceTree = "<group>"; };
		BB000101000000000000000000000215 /* Info.plist */ = {isa = PBXFileReference; lastKnownFileType = text.plist.xml; path = Info.plist; sourceTree = "<group>"; };
/* End PBXFileReference section */

/* Begin PBXFrameworksBuildPhase section */
		BB000101000000000000000000000301 /* Frameworks */ = {
			isa = PBXFrameworksBuildPhase;
			buildActionMask = 2147483647;
			files = (
			);
			runOnlyForDeploymentPostprocessing = 0;
		};
/* End PBXFrameworksBuildPhase section */

/* Begin PBXGroup section */
		BB000101000000000000000000000401 = {
			isa = PBXGroup;
			children = (
				BB000101000000000000000000000402 /* FocusMoments */,
				BB000101000000000000000000000409 /* Products */,
			);
			sourceTree = "<group>";
		};
		BB000101000000000000000000000402 /* FocusMoments */ = {
			isa = PBXGroup;
			children = (
				BB000101000000000000000000000201 /* FocusMomentsApp.swift */,
				BB000101000000000000000000000403 /* Utilities */,
				BB000101000000000000000000000404 /* Models */,
				BB000101000000000000000000000405 /* Services */,
				BB000101000000000000000000000406 /* ViewModels */,
				BB000101000000000000000000000407 /* Views */,
				BB000101000000000000000000000214 /* Assets.xcassets */,
				BB000101000000000000000000000215 /* Info.plist */,
			);
			path = FocusMoments;
			sourceTree = "<group>";
		};
		BB000101000000000000000000000403 /* Utilities */ = {
			isa = PBXGroup;
			children = (
				BB000101000000000000000000000202 /* AppConstants.swift */,
			);
			path = Utilities;
			sourceTree = "<group>";
		};
		BB000101000000000000000000000404 /* Models */ = {
			isa = PBXGroup;
			children = (
				BB000101000000000000000000000203 /* Scene.swift */,
			);
			path = Models;
			sourceTree = "<group>";
		};
		BB000101000000000000000000000405 /* Services */ = {
			isa = PBXGroup;
			children = (
				BB000101000000000000000000000204 /* DataManager.swift */,
			);
			path = Services;
			sourceTree = "<group>";
		};
		BB000101000000000000000000000406 /* ViewModels */ = {
			isa = PBXGroup;
			children = (
				BB000101000000000000000000000205 /* HomeViewModel.swift */,
				BB000101000000000000000000000206 /* FocusViewModel.swift */,
			);
			path = ViewModels;
			sourceTree = "<group>";
		};
		BB000101000000000000000000000407 /* Views */ = {
			isa = PBXGroup;
			children = (
				BB000101000000000000000000000207 /* HomeView.swift */,
				BB000101000000000000000000000208 /* DurationPickerView.swift */,
				BB000101000000000000000000000209 /* FocusView.swift */,
				BB000101000000000000000000000210 /* CompletionView.swift */,
				BB000101000000000000000000000408 /* Components */,
			);
			path = Views;
			sourceTree = "<group>";
		};
		BB000101000000000000000000000408 /* Components */ = {
			isa = PBXGroup;
			children = (
				BB000101000000000000000000000211 /* SceneAnimationView.swift */,
				BB000101000000000000000000000212 /* SceneCardView.swift */,
				BB000101000000000000000000000213 /* UnlockPopupView.swift */,
			);
			path = Components;
			sourceTree = "<group>";
		};
		BB000101000000000000000000000409 /* Products */ = {
			isa = PBXGroup;
			children = (
				BB000101000000000000000000000001 /* FocusMoments.app */,
			);
			name = Products;
			sourceTree = "<group>";
		};
/* End PBXGroup section */

/* Begin PBXNativeTarget section */
		BB000101000000000000000000000501 /* FocusMoments */ = {
			isa = PBXNativeTarget;
			buildConfigurationList = BB000101000000000000000000000601 /* Build configuration list for PBXNativeTarget "FocusMoments" */;
			buildPhases = (
				BB000101000000000000000000000302 /* Sources */,
				BB000101000000000000000000000301 /* Frameworks */,
				BB000101000000000000000000000303 /* Resources */,
			);
			buildRules = (
			);
			dependencies = (
			);
			name = FocusMoments;
			productName = FocusMoments;
			productReference = BB000101000000000000000000000001 /* FocusMoments.app */;
			productType = "com.apple.product-type.application";
		};
/* End PBXNativeTarget section */

/* Begin PBXProject section */
		BB000101000000000000000000000701 /* Project object */ = {
			isa = PBXProject;
			attributes = {
				BuildIndependentTargetsInParallel = 1;
				LastSwiftUpdateCheck = 1500;
				LastUpgradeCheck = 1500;
				TargetAttributes = {
					BB000101000000000000000000000501 = {
						CreatedOnToolsVersion = 15.0;
					};
				};
			};
			buildConfigurationList = BB000101000000000000000000000702 /* Build configuration list for PBXProject "FocusMoments" */;
			compatibilityVersion = "Xcode 14.0";
			developmentRegion = en;
			hasScannedForEncodings = 0;
			knownRegions = (
				en,
				Base,
			);
			mainGroup = BB000101000000000000000000000401;
			productRefGroup = BB000101000000000000000000000409 /* Products */;
			projectDirPath = "";
			projectRoot = "";
			targets = (
				BB000101000000000000000000000501 /* FocusMoments */,
			);
		};
/* End PBXProject section */

/* Begin PBXResourcesBuildPhase section */
		BB000101000000000000000000000303 /* Resources */ = {
			isa = PBXResourcesBuildPhase;
			buildActionMask = 2147483647;
			files = (
				BB000101000000000000000000000114 /* Assets.xcassets in Resources */,
			);
			runOnlyForDeploymentPostprocessing = 0;
		};
/* End PBXResourcesBuildPhase section */

/* Begin PBXSourcesBuildPhase section */
		BB000101000000000000000000000302 /* Sources */ = {
			isa = PBXSourcesBuildPhase;
			buildActionMask = 2147483647;
			files = (
				BB000101000000000000000000000101 /* FocusMomentsApp.swift in Sources */,
				BB000101000000000000000000000102 /* AppConstants.swift in Sources */,
				BB000101000000000000000000000103 /* Scene.swift in Sources */,
				BB000101000000000000000000000104 /* DataManager.swift in Sources */,
				BB000101000000000000000000000105 /* HomeViewModel.swift in Sources */,
				BB000101000000000000000000000106 /* FocusViewModel.swift in Sources */,
				BB000101000000000000000000000107 /* HomeView.swift in Sources */,
				BB000101000000000000000000000108 /* DurationPickerView.swift in Sources */,
				BB000101000000000000000000000109 /* FocusView.swift in Sources */,
				BB000101000000000000000000000110 /* CompletionView.swift in Sources */,
				BB000101000000000000000000000111 /* SceneAnimationView.swift in Sources */,
				BB000101000000000000000000000112 /* SceneCardView.swift in Sources */,
				BB000101000000000000000000000113 /* UnlockPopupView.swift in Sources */,
			);
			runOnlyForDeploymentPostprocessing = 0;
		};
/* End PBXSourcesBuildPhase section */

/* Begin XCBuildConfiguration section */
		BB000101000000000000000000000801 /* Debug */ = {
			isa = XCBuildConfiguration;
			buildSettings = {
				ALWAYS_SEARCH_USER_PATHS = NO;
				CLANG_ANALYZER_NONNULL = YES;
				CLANG_ANALYZER_NUMBER_OBJECT_CONVERSION = YES_AGGRESSIVE;
				CLANG_CXX_LANGUAGE_STANDARD = "gnu++20";
				CLANG_ENABLE_MODULES = YES;
				CLANG_ENABLE_OBJC_ARC = YES;
				CLANG_ENABLE_OBJC_WEAK = YES;
				CLANG_WARN_BLOCK_CAPTURE_AUTORELEASING = YES;
				CLANG_WARN_BOOL_CONVERSION = YES;
				CLANG_WARN_COMMA = YES;
				CLANG_WARN_CONSTANT_CONVERSION = YES;
				CLANG_WARN_DEPRECATED_OBJC_IMPLEMENTATIONS = YES;
				CLANG_WARN_DIRECT_OBJC_ISA_USAGE = YES_ERROR;
				CLANG_WARN_DOCUMENTATION_COMMENTS = YES;
				CLANG_WARN_EMPTY_BODY = YES;
				CLANG_WARN_ENUM_CONVERSION = YES;
				CLANG_WARN_INFINITE_RECURSION = YES;
				CLANG_WARN_INT_CONVERSION = YES;
				CLANG_WARN_NON_LITERAL_NULL_CONVERSION = YES;
				CLANG_WARN_OBJC_IMPLICIT_RETAIN_SELF = YES;
				CLANG_WARN_OBJC_LITERAL_CONVERSION = YES;
				CLANG_WARN_OBJC_ROOT_CLASS = YES_ERROR;
				CLANG_WARN_QUOTED_INCLUDE_IN_FRAMEWORK_HEADER = YES;
				CLANG_WARN_RANGE_LOOP_ANALYSIS = YES;
				CLANG_WARN_STRICT_PROTOTYPES = YES;
				CLANG_WARN_SUSPICIOUS_MOVE = YES;
				CLANG_WARN_UNGUARDED_AVAILABILITY = YES_AGGRESSIVE;
				CLANG_WARN_UNREACHABLE_CODE = YES;
				CLANG_WARN__DUPLICATE_METHOD_MATCH = YES;
				COPY_PHASE_STRIP = NO;
				DEBUG_INFORMATION_FORMAT = dwarf;
				ENABLE_STRICT_OBJC_MSGSEND = YES;
				ENABLE_TESTABILITY = YES;
				GCC_C_LANGUAGE_STANDARD = gnu17;
				GCC_DYNAMIC_NO_PIC = NO;
				GCC_NO_COMMON_BLOCKS = YES;
				GCC_OPTIMIZATION_LEVEL = 0;
				GCC_PREPROCESSOR_DEFINITIONS = (
					"DEBUG=1",
					"$(inherited)",
				);
				GCC_WARN_64_TO_32_BIT_CONVERSION = YES;
				GCC_WARN_ABOUT_RETURN_TYPE = YES_ERROR;
				GCC_WARN_UNDECLARED_SELECTOR = YES;
				GCC_WARN_UNINITIALIZED_AUTOS = YES_AGGRESSIVE;
				GCC_WARN_UNUSED_FUNCTION = YES;
				GCC_WARN_UNUSED_VARIABLE = YES;
				IPHONEOS_DEPLOYMENT_TARGET = 17.0;
				MTL_ENABLE_DEBUG_INFO = INCLUDE_SOURCE;
				MTL_FAST_MATH = YES;
				ONLY_ACTIVE_ARCH = YES;
				SDKROOT = iphoneos;
				SWIFT_ACTIVE_COMPILATION_CONDITIONS = "DEBUG $(inherited)";
				SWIFT_OPTIMIZATION_LEVEL = "-Onone";
				SWIFT_VERSION = 5.0;
			};
			name = Debug;
		};
		BB000101000000000000000000000802 /* Release */ = {
			isa = XCBuildConfiguration;
			buildSettings = {
				ALWAYS_SEARCH_USER_PATHS = NO;
				CLANG_ANALYZER_NONNULL = YES;
				CLANG_ANALYZER_NUMBER_OBJECT_CONVERSION = YES_AGGRESSIVE;
				CLANG_CXX_LANGUAGE_STANDARD = "gnu++20";
				CLANG_ENABLE_MODULES = YES;
				CLANG_ENABLE_OBJC_ARC = YES;
				CLANG_ENABLE_OBJC_WEAK = YES;
				CLANG_WARN_BLOCK_CAPTURE_AUTORELEASING = YES;
				CLANG_WARN_BOOL_CONVERSION = YES;
				CLANG_WARN_COMMA = YES;
				CLANG_WARN_CONSTANT_CONVERSION = YES;
				CLANG_WARN_DEPRECATED_OBJC_IMPLEMENTATIONS = YES;
				CLANG_WARN_DIRECT_OBJC_ISA_USAGE = YES_ERROR;
				CLANG_WARN_DOCUMENTATION_COMMENTS = YES;
				CLANG_WARN_EMPTY_BODY = YES;
				CLANG_WARN_ENUM_CONVERSION = YES;
				CLANG_WARN_INFINITE_RECURSION = YES;
				CLANG_WARN_INT_CONVERSION = YES;
				CLANG_WARN_NON_LITERAL_NULL_CONVERSION = YES;
				CLANG_WARN_OBJC_IMPLICIT_RETAIN_SELF = YES;
				CLANG_WARN_OBJC_LITERAL_CONVERSION = YES;
				CLANG_WARN_OBJC_ROOT_CLASS = YES_ERROR;
				CLANG_WARN_QUOTED_INCLUDE_IN_FRAMEWORK_HEADER = YES;
				CLANG_WARN_RANGE_LOOP_ANALYSIS = YES;
				CLANG_WARN_STRICT_PROTOTYPES = YES;
				CLANG_WARN_SUSPICIOUS_MOVE = YES;
				CLANG_WARN_UNGUARDED_AVAILABILITY = YES_AGGRESSIVE;
				CLANG_WARN_UNREACHABLE_CODE = YES;
				CLANG_WARN__DUPLICATE_METHOD_MATCH = YES;
				COPY_PHASE_STRIP = NO;
				DEBUG_INFORMATION_FORMAT = "dwarf-with-dsym";
				ENABLE_NS_ASSERTIONS = NO;
				ENABLE_STRICT_OBJC_MSGSEND = YES;
				GCC_C_LANGUAGE_STANDARD = gnu17;
				GCC_NO_COMMON_BLOCKS = YES;
				GCC_WARN_64_TO_32_BIT_CONVERSION = YES;
				GCC_WARN_ABOUT_RETURN_TYPE = YES_ERROR;
				GCC_WARN_UNDECLARED_SELECTOR = YES;
				GCC_WARN_UNINITIALIZED_AUTOS = YES_AGGRESSIVE;
				GCC_WARN_UNUSED_FUNCTION = YES;
				GCC_WARN_UNUSED_VARIABLE = YES;
				IPHONEOS_DEPLOYMENT_TARGET = 17.0;
				MTL_ENABLE_DEBUG_INFO = NO;
				MTL_FAST_MATH = YES;
				SDKROOT = iphoneos;
				SWIFT_COMPILATION_MODE = wholemodule;
				SWIFT_VERSION = 5.0;
				VALIDATE_PRODUCT = YES;
			};
			name = Release;
		};
		BB000101000000000000000000000803 /* Debug */ = {
			isa = XCBuildConfiguration;
			buildSettings = {
				ASSETCATALOG_COMPILER_APPICON_NAME = AppIcon;
				ASSETCATALOG_COMPILER_GLOBAL_ACCENT_COLOR_NAME = AccentColor;
				CODE_SIGN_STYLE = Automatic;
				CURRENT_PROJECT_VERSION = 1;
				DEVELOPMENT_TEAM = "";
				ENABLE_PREVIEWS = YES;
				GENERATE_INFOPLIST_FILE = NO;
				INFOPLIST_FILE = FocusMoments/Info.plist;
				LD_RUNPATH_SEARCH_PATHS = (
					"$(inherited)",
					"@executable_path/Frameworks",
				);
				MARKETING_VERSION = "1.0.0";
				PRODUCT_BUNDLE_IDENTIFIER = com.focusmoments.healing;
				PRODUCT_NAME = "$(TARGET_NAME)";
				SWIFT_EMIT_LOC_STRINGS = YES;
				SWIFT_VERSION = 5.0;
				TARGETED_DEVICE_FAMILY = "1,2";
			};
			name = Debug;
		};
		BB000101000000000000000000000804 /* Release */ = {
			isa = XCBuildConfiguration;
			buildSettings = {
				ASSETCATALOG_COMPILER_APPICON_NAME = AppIcon;
				ASSETCATALOG_COMPILER_GLOBAL_ACCENT_COLOR_NAME = AccentColor;
				CODE_SIGN_STYLE = Automatic;
				CURRENT_PROJECT_VERSION = 1;
				DEVELOPMENT_TEAM = "";
				ENABLE_PREVIEWS = YES;
				GENERATE_INFOPLIST_FILE = NO;
				INFOPLIST_FILE = FocusMoments/Info.plist;
				LD_RUNPATH_SEARCH_PATHS = (
					"$(inherited)",
					"@executable_path/Frameworks",
				);
				MARKETING_VERSION = "1.0.0";
				PRODUCT_BUNDLE_IDENTIFIER = com.focusmoments.healing;
				PRODUCT_NAME = "$(TARGET_NAME)";
				SWIFT_EMIT_LOC_STRINGS = YES;
				SWIFT_VERSION = 5.0;
				TARGETED_DEVICE_FAMILY = "1,2";
			};
			name = Release;
		};
/* End XCBuildConfiguration section */

/* Begin XCConfigurationList section */
		BB000101000000000000000000000702 /* Build configuration list for PBXProject "FocusMoments" */ = {
			isa = XCConfigurationList;
			buildConfigurations = (
				BB000101000000000000000000000801 /* Debug */,
				BB000101000000000000000000000802 /* Release */,
			);
			defaultConfigurationIsVisible = 0;
			defaultConfigurationName = Release;
		};
		BB000101000000000000000000000601 /* Build configuration list for PBXNativeTarget "FocusMoments" */ = {
			isa = XCConfigurationList;
			buildConfigurations = (
				BB000101000000000000000000000803 /* Debug */,
				BB000101000000000000000000000804 /* Release */,
			);
			defaultConfigurationIsVisible = 0;
			defaultConfigurationName = Release;
		};
/* End XCConfigurationList section */
	};
	rootObject = BB000101000000000000000000000701 /* Project object */;
}
